
Microsoft Visual Studio Solution File, Format Version 12.00
# Visual Studio Version 17
VisualStudioVersion = 17.0.31521.260
MinimumVisualStudioVersion = 10.0.40219.1
Project("{A07B5EB6-E848-4116-A8D0-A826331D98C6}") = "FutbolChallenge", "FutbolChallenge.sfproj", "{3811B791-46D3-4978-90B6-F0D3186EC28A}"
EndProject
Project("{9A19103F-16F7-4668-BE54-9A1E7A4F7556}") = "HelpersCore", "HelpersCore\HelpersCore.csproj", "{93BBC3A2-737F-4381-8DDE-EE029EF13E74}"
EndProject
Project("{9A19103F-16F7-4668-BE54-9A1E7A4F7556}") = "AttributesCore", "AttributesCore\AttributesCore.csproj", "{49FE823E-37BB-4543-AB29-734976C092B7}"
EndProject
Project("{2150E333-8FDC-42A3-9474-1A3956D46DE8}") = "Solution Items", "Solution Items", "{296E2D50-F7C8-4BC2-94CC-E8BD58A0123F}"
	ProjectSection(SolutionItems) = preProject
		.editorconfig = .editorconfig
	EndProjectSection
EndProject
Project("{00D1A9C2-B5F0-4AF3-8072-F6C62B433612}") = "FutbolChallengeData", "FutbolChallengeData\FutbolChallengeData.sqlproj", "{41BB0B78-3CEC-4C68-9D96-5E28BE25C533}"
EndProject
Project("{FAE04EC0-301F-11D3-BF4B-00C04F79EFBC}") = "TemplateCode.Generators", "TemplateCode.Generators\TemplateCode.Generators.csproj", "{9F2417D9-76FB-4717-8CE6-1FB73C97414E}"
EndProject
Project("{9A19103F-16F7-4668-BE54-9A1E7A4F7556}") = "FutbolChallengeDataRepository", "FutbolChallengeDataRepository\FutbolChallengeDataRepository.csproj", "{3DED4D8D-D3A9-4814-BB93-02481036D028}"
EndProject
Project("{2150E333-8FDC-42A3-9474-1A3956D46DE8}") = "Infrastructure", "Infrastructure", "{AB8F81AE-E2E6-4024-94C1-82C79F6A0A4A}"
EndProject
Project("{9A19103F-16F7-4668-BE54-9A1E7A4F7556}") = "TemplateCode.Templates.Standard", "TemplateCode.Templates.Standard\TemplateCode.Templates.Standard.csproj", "{8D8FEB72-0562-4FA6-A42B-2270F6DD620A}"
EndProject
Project("{9A19103F-16F7-4668-BE54-9A1E7A4F7556}") = "Exceptions", "Exceptions\Exceptions.csproj", "{9FDC3502-FE79-4708-9C4D-96136899C309}"
EndProject
Project("{9A19103F-16F7-4668-BE54-9A1E7A4F7556}") = "DataControllers", "Data\DataControllers\DataControllers.csproj", "{AD4B5804-D201-4FD7-9873-810CFD0ED39D}"
EndProject
Project("{2150E333-8FDC-42A3-9474-1A3956D46DE8}") = "UI", "UI", "{2C6FC18E-7E5C-4C0B-90F0-26C68B5EB327}"
EndProject
Project("{9A19103F-16F7-4668-BE54-9A1E7A4F7556}") = "FutbolChallengeUI", "FutbolChallengeUI\FutbolChallengeUI.csproj", "{35D75E00-4C1A-4120-8596-FAB0DE52A75E}"
EndProject
Project("{C7167F0D-BC9F-4E6E-AFE1-012C56B48DB5}") = "FutbolChallengeApp (Package)", "FutbolChallengeApp\FutbolChallengeApp (Package)\FutbolChallengeApp (Package).wapproj", "{1490C221-E286-4740-B022-9CA75B695770}"
EndProject
Project("{9A19103F-16F7-4668-BE54-9A1E7A4F7556}") = "FutbolChallengeApp", "FutbolChallengeApp\FutbolChallengeApp\FutbolChallengeApp.csproj", "{AD268985-2651-4B4A-8A7D-95B37C38CAF8}"
EndProject
Project("{9A19103F-16F7-4668-BE54-9A1E7A4F7556}") = "SecureClient", "SecureClient\SecureClient.csproj", "{602961AA-892C-4630-B4E3-E2CC194D4368}"
EndProject
Global
	GlobalSection(SolutionConfigurationPlatforms) = preSolution
		Debug|Any CPU = Debug|Any CPU
		Debug|arm64 = Debug|arm64
		Debug|x64 = Debug|x64
		Debug|x86 = Debug|x86
		Release|Any CPU = Release|Any CPU
		Release|arm64 = Release|arm64
		Release|x64 = Release|x64
		Release|x86 = Release|x86
	EndGlobalSection
	GlobalSection(ProjectConfigurationPlatforms) = postSolution
		{3811B791-46D3-4978-90B6-F0D3186EC28A}.Debug|Any CPU.ActiveCfg = Debug|x64
		{3811B791-46D3-4978-90B6-F0D3186EC28A}.Debug|arm64.ActiveCfg = Debug|x64
		{3811B791-46D3-4978-90B6-F0D3186EC28A}.Debug|x64.ActiveCfg = Debug|x64
		{3811B791-46D3-4978-90B6-F0D3186EC28A}.Debug|x64.Build.0 = Debug|x64
		{3811B791-46D3-4978-90B6-F0D3186EC28A}.Debug|x64.Deploy.0 = Debug|x64
		{3811B791-46D3-4978-90B6-F0D3186EC28A}.Debug|x86.ActiveCfg = Debug|x64
		{3811B791-46D3-4978-90B6-F0D3186EC28A}.Release|Any CPU.ActiveCfg = Release|x64
		{3811B791-46D3-4978-90B6-F0D3186EC28A}.Release|arm64.ActiveCfg = Release|x64
		{3811B791-46D3-4978-90B6-F0D3186EC28A}.Release|x64.ActiveCfg = Release|x64
		{3811B791-46D3-4978-90B6-F0D3186EC28A}.Release|x64.Build.0 = Release|x64
		{3811B791-46D3-4978-90B6-F0D3186EC28A}.Release|x64.Deploy.0 = Release|x64
		{3811B791-46D3-4978-90B6-F0D3186EC28A}.Release|x86.ActiveCfg = Release|x64
		{93BBC3A2-737F-4381-8DDE-EE029EF13E74}.Debug|Any CPU.ActiveCfg = Debug|Any CPU
		{93BBC3A2-737F-4381-8DDE-EE029EF13E74}.Debug|Any CPU.Build.0 = Debug|Any CPU
		{93BBC3A2-737F-4381-8DDE-EE029EF13E74}.Debug|arm64.ActiveCfg = Debug|Any CPU
		{93BBC3A2-737F-4381-8DDE-EE029EF13E74}.Debug|arm64.Build.0 = Debug|Any CPU
		{93BBC3A2-737F-4381-8DDE-EE029EF13E74}.Debug|x64.ActiveCfg = Debug|x64
		{93BBC3A2-737F-4381-8DDE-EE029EF13E74}.Debug|x64.Build.0 = Debug|x64
		{93BBC3A2-737F-4381-8DDE-EE029EF13E74}.Debug|x86.ActiveCfg = Debug|Any CPU
		{93BBC3A2-737F-4381-8DDE-EE029EF13E74}.Debug|x86.Build.0 = Debug|Any CPU
		{93BBC3A2-737F-4381-8DDE-EE029EF13E74}.Release|Any CPU.ActiveCfg = Release|Any CPU
		{93BBC3A2-737F-4381-8DDE-EE029EF13E74}.Release|Any CPU.Build.0 = Release|Any CPU
		{93BBC3A2-737F-4381-8DDE-EE029EF13E74}.Release|arm64.ActiveCfg = Release|Any CPU
		{93BBC3A2-737F-4381-8DDE-EE029EF13E74}.Release|arm64.Build.0 = Release|Any CPU
		{93BBC3A2-737F-4381-8DDE-EE029EF13E74}.Release|x64.ActiveCfg = Release|Any CPU
		{93BBC3A2-737F-4381-8DDE-EE029EF13E74}.Release|x64.Build.0 = Release|Any CPU
		{93BBC3A2-737F-4381-8DDE-EE029EF13E74}.Release|x86.ActiveCfg = Release|Any CPU
		{93BBC3A2-737F-4381-8DDE-EE029EF13E74}.Release|x86.Build.0 = Release|Any CPU
		{49FE823E-37BB-4543-AB29-734976C092B7}.Debug|Any CPU.ActiveCfg = Debug|Any CPU
		{49FE823E-37BB-4543-AB29-734976C092B7}.Debug|Any CPU.Build.0 = Debug|Any CPU
		{49FE823E-37BB-4543-AB29-734976C092B7}.Debug|arm64.ActiveCfg = Debug|Any CPU
		{49FE823E-37BB-4543-AB29-734976C092B7}.Debug|arm64.Build.0 = Debug|Any CPU
		{49FE823E-37BB-4543-AB29-734976C092B7}.Debug|x64.ActiveCfg = Debug|x64
		{49FE823E-37BB-4543-AB29-734976C092B7}.Debug|x64.Build.0 = Debug|x64
		{49FE823E-37BB-4543-AB29-734976C092B7}.Debug|x86.ActiveCfg = Debug|Any CPU
		{49FE823E-37BB-4543-AB29-734976C092B7}.Debug|x86.Build.0 = Debug|Any CPU
		{49FE823E-37BB-4543-AB29-734976C092B7}.Release|Any CPU.ActiveCfg = Release|Any CPU
		{49FE823E-37BB-4543-AB29-734976C092B7}.Release|Any CPU.Build.0 = Release|Any CPU
		{49FE823E-37BB-4543-AB29-734976C092B7}.Release|arm64.ActiveCfg = Release|Any CPU
		{49FE823E-37BB-4543-AB29-734976C092B7}.Release|arm64.Build.0 = Release|Any CPU
		{49FE823E-37BB-4543-AB29-734976C092B7}.Release|x64.ActiveCfg = Release|Any CPU
		{49FE823E-37BB-4543-AB29-734976C092B7}.Release|x64.Build.0 = Release|Any CPU
		{49FE823E-37BB-4543-AB29-734976C092B7}.Release|x86.ActiveCfg = Release|Any CPU
		{49FE823E-37BB-4543-AB29-734976C092B7}.Release|x86.Build.0 = Release|Any CPU
		{41BB0B78-3CEC-4C68-9D96-5E28BE25C533}.Debug|Any CPU.ActiveCfg = Debug|Any CPU
		{41BB0B78-3CEC-4C68-9D96-5E28BE25C533}.Debug|Any CPU.Build.0 = Debug|Any CPU
		{41BB0B78-3CEC-4C68-9D96-5E28BE25C533}.Debug|Any CPU.Deploy.0 = Debug|Any CPU
		{41BB0B78-3CEC-4C68-9D96-5E28BE25C533}.Debug|arm64.ActiveCfg = Debug|Any CPU
		{41BB0B78-3CEC-4C68-9D96-5E28BE25C533}.Debug|arm64.Build.0 = Debug|Any CPU
		{41BB0B78-3CEC-4C68-9D96-5E28BE25C533}.Debug|arm64.Deploy.0 = Debug|Any CPU
		{41BB0B78-3CEC-4C68-9D96-5E28BE25C533}.Debug|x64.ActiveCfg = Debug|Any CPU
		{41BB0B78-3CEC-4C68-9D96-5E28BE25C533}.Debug|x64.Build.0 = Debug|Any CPU
		{41BB0B78-3CEC-4C68-9D96-5E28BE25C533}.Debug|x64.Deploy.0 = Debug|Any CPU
		{41BB0B78-3CEC-4C68-9D96-5E28BE25C533}.Debug|x86.ActiveCfg = Debug|Any CPU
		{41BB0B78-3CEC-4C68-9D96-5E28BE25C533}.Debug|x86.Build.0 = Debug|Any CPU
		{41BB0B78-3CEC-4C68-9D96-5E28BE25C533}.Debug|x86.Deploy.0 = Debug|Any CPU
		{41BB0B78-3CEC-4C68-9D96-5E28BE25C533}.Release|Any CPU.ActiveCfg = Release|Any CPU
		{41BB0B78-3CEC-4C68-9D96-5E28BE25C533}.Release|Any CPU.Build.0 = Release|Any CPU
		{41BB0B78-3CEC-4C68-9D96-5E28BE25C533}.Release|Any CPU.Deploy.0 = Release|Any CPU
		{41BB0B78-3CEC-4C68-9D96-5E28BE25C533}.Release|arm64.ActiveCfg = Release|Any CPU
		{41BB0B78-3CEC-4C68-9D96-5E28BE25C533}.Release|arm64.Build.0 = Release|Any CPU
		{41BB0B78-3CEC-4C68-9D96-5E28BE25C533}.Release|arm64.Deploy.0 = Release|Any CPU
		{41BB0B78-3CEC-4C68-9D96-5E28BE25C533}.Release|x64.ActiveCfg = Release|Any CPU
		{41BB0B78-3CEC-4C68-9D96-5E28BE25C533}.Release|x64.Build.0 = Release|Any CPU
		{41BB0B78-3CEC-4C68-9D96-5E28BE25C533}.Release|x64.Deploy.0 = Release|Any CPU
		{41BB0B78-3CEC-4C68-9D96-5E28BE25C533}.Release|x86.ActiveCfg = Release|Any CPU
		{41BB0B78-3CEC-4C68-9D96-5E28BE25C533}.Release|x86.Build.0 = Release|Any CPU
		{41BB0B78-3CEC-4C68-9D96-5E28BE25C533}.Release|x86.Deploy.0 = Release|Any CPU
		{9F2417D9-76FB-4717-8CE6-1FB73C97414E}.Debug|Any CPU.ActiveCfg = Debug|Any CPU
		{9F2417D9-76FB-4717-8CE6-1FB73C97414E}.Debug|Any CPU.Build.0 = Debug|Any CPU
		{9F2417D9-76FB-4717-8CE6-1FB73C97414E}.Debug|arm64.ActiveCfg = Debug|Any CPU
		{9F2417D9-76FB-4717-8CE6-1FB73C97414E}.Debug|arm64.Build.0 = Debug|Any CPU
		{9F2417D9-76FB-4717-8CE6-1FB73C97414E}.Debug|x64.ActiveCfg = Debug|Any CPU
		{9F2417D9-76FB-4717-8CE6-1FB73C97414E}.Debug|x86.ActiveCfg = Debug|x86
		{9F2417D9-76FB-4717-8CE6-1FB73C97414E}.Debug|x86.Build.0 = Debug|x86
		{9F2417D9-76FB-4717-8CE6-1FB73C97414E}.Release|Any CPU.ActiveCfg = Release|Any CPU
		{9F2417D9-76FB-4717-8CE6-1FB73C97414E}.Release|Any CPU.Build.0 = Release|Any CPU
		{9F2417D9-76FB-4717-8CE6-1FB73C97414E}.Release|arm64.ActiveCfg = Release|Any CPU
		{9F2417D9-76FB-4717-8CE6-1FB73C97414E}.Release|arm64.Build.0 = Release|Any CPU
		{9F2417D9-76FB-4717-8CE6-1FB73C97414E}.Release|x64.ActiveCfg = Release|Any CPU
		{9F2417D9-76FB-4717-8CE6-1FB73C97414E}.Release|x86.ActiveCfg = Release|x86
		{9F2417D9-76FB-4717-8CE6-1FB73C97414E}.Release|x86.Build.0 = Release|x86
		{3DED4D8D-D3A9-4814-BB93-02481036D028}.Debug|Any CPU.ActiveCfg = Debug|Any CPU
		{3DED4D8D-D3A9-4814-BB93-02481036D028}.Debug|Any CPU.Build.0 = Debug|Any CPU
		{3DED4D8D-D3A9-4814-BB93-02481036D028}.Debug|arm64.ActiveCfg = Debug|Any CPU
		{3DED4D8D-D3A9-4814-BB93-02481036D028}.Debug|arm64.Build.0 = Debug|Any CPU
		{3DED4D8D-D3A9-4814-BB93-02481036D028}.Debug|x64.ActiveCfg = Debug|x64
		{3DED4D8D-D3A9-4814-BB93-02481036D028}.Debug|x64.Build.0 = Debug|x64
		{3DED4D8D-D3A9-4814-BB93-02481036D028}.Debug|x86.ActiveCfg = Debug|Any CPU
		{3DED4D8D-D3A9-4814-BB93-02481036D028}.Debug|x86.Build.0 = Debug|Any CPU
		{3DED4D8D-D3A9-4814-BB93-02481036D028}.Release|Any CPU.ActiveCfg = Release|Any CPU
		{3DED4D8D-D3A9-4814-BB93-02481036D028}.Release|Any CPU.Build.0 = Release|Any CPU
		{3DED4D8D-D3A9-4814-BB93-02481036D028}.Release|arm64.ActiveCfg = Release|Any CPU
		{3DED4D8D-D3A9-4814-BB93-02481036D028}.Release|arm64.Build.0 = Release|Any CPU
		{3DED4D8D-D3A9-4814-BB93-02481036D028}.Release|x64.ActiveCfg = Release|Any CPU
		{3DED4D8D-D3A9-4814-BB93-02481036D028}.Release|x64.Build.0 = Release|Any CPU
		{3DED4D8D-D3A9-4814-BB93-02481036D028}.Release|x86.ActiveCfg = Release|Any CPU
		{3DED4D8D-D3A9-4814-BB93-02481036D028}.Release|x86.Build.0 = Release|Any CPU
		{8D8FEB72-0562-4FA6-A42B-2270F6DD620A}.Debug|Any CPU.ActiveCfg = Debug|Any CPU
		{8D8FEB72-0562-4FA6-A42B-2270F6DD620A}.Debug|Any CPU.Build.0 = Debug|Any CPU
		{8D8FEB72-0562-4FA6-A42B-2270F6DD620A}.Debug|arm64.ActiveCfg = Debug|Any CPU
		{8D8FEB72-0562-4FA6-A42B-2270F6DD620A}.Debug|arm64.Build.0 = Debug|Any CPU
		{8D8FEB72-0562-4FA6-A42B-2270F6DD620A}.Debug|x64.ActiveCfg = Debug|Any CPU
		{8D8FEB72-0562-4FA6-A42B-2270F6DD620A}.Debug|x86.ActiveCfg = Debug|x86
		{8D8FEB72-0562-4FA6-A42B-2270F6DD620A}.Debug|x86.Build.0 = Debug|x86
		{8D8FEB72-0562-4FA6-A42B-2270F6DD620A}.Release|Any CPU.ActiveCfg = Release|Any CPU
		{8D8FEB72-0562-4FA6-A42B-2270F6DD620A}.Release|Any CPU.Build.0 = Release|Any CPU
		{8D8FEB72-0562-4FA6-A42B-2270F6DD620A}.Release|arm64.ActiveCfg = Release|Any CPU
		{8D8FEB72-0562-4FA6-A42B-2270F6DD620A}.Release|arm64.Build.0 = Release|Any CPU
		{8D8FEB72-0562-4FA6-A42B-2270F6DD620A}.Release|x64.ActiveCfg = Release|Any CPU
		{8D8FEB72-0562-4FA6-A42B-2270F6DD620A}.Release|x86.ActiveCfg = Release|x86
		{8D8FEB72-0562-4FA6-A42B-2270F6DD620A}.Release|x86.Build.0 = Release|x86
		{9FDC3502-FE79-4708-9C4D-96136899C309}.Debug|Any CPU.ActiveCfg = Debug|Any CPU
		{9FDC3502-FE79-4708-9C4D-96136899C309}.Debug|Any CPU.Build.0 = Debug|Any CPU
		{9FDC3502-FE79-4708-9C4D-96136899C309}.Debug|arm64.ActiveCfg = Debug|Any CPU
		{9FDC3502-FE79-4708-9C4D-96136899C309}.Debug|arm64.Build.0 = Debug|Any CPU
		{9FDC3502-FE79-4708-9C4D-96136899C309}.Debug|x64.ActiveCfg = Debug|Any CPU
		{9FDC3502-FE79-4708-9C4D-96136899C309}.Debug|x64.Build.0 = Debug|Any CPU
		{9FDC3502-FE79-4708-9C4D-96136899C309}.Debug|x86.ActiveCfg = Debug|Any CPU
		{9FDC3502-FE79-4708-9C4D-96136899C309}.Debug|x86.Build.0 = Debug|Any CPU
		{9FDC3502-FE79-4708-9C4D-96136899C309}.Release|Any CPU.ActiveCfg = Release|Any CPU
		{9FDC3502-FE79-4708-9C4D-96136899C309}.Release|Any CPU.Build.0 = Release|Any CPU
		{9FDC3502-FE79-4708-9C4D-96136899C309}.Release|arm64.ActiveCfg = Release|Any CPU
		{9FDC3502-FE79-4708-9C4D-96136899C309}.Release|arm64.Build.0 = Release|Any CPU
		{9FDC3502-FE79-4708-9C4D-96136899C309}.Release|x64.ActiveCfg = Release|Any CPU
		{9FDC3502-FE79-4708-9C4D-96136899C309}.Release|x64.Build.0 = Release|Any CPU
		{9FDC3502-FE79-4708-9C4D-96136899C309}.Release|x86.ActiveCfg = Release|Any CPU
		{9FDC3502-FE79-4708-9C4D-96136899C309}.Release|x86.Build.0 = Release|Any CPU
		{AD4B5804-D201-4FD7-9873-810CFD0ED39D}.Debug|Any CPU.ActiveCfg = Debug|Any CPU
		{AD4B5804-D201-4FD7-9873-810CFD0ED39D}.Debug|Any CPU.Build.0 = Debug|Any CPU
		{AD4B5804-D201-4FD7-9873-810CFD0ED39D}.Debug|arm64.ActiveCfg = Debug|Any CPU
		{AD4B5804-D201-4FD7-9873-810CFD0ED39D}.Debug|arm64.Build.0 = Debug|Any CPU
		{AD4B5804-D201-4FD7-9873-810CFD0ED39D}.Debug|x64.ActiveCfg = Debug|Any CPU
		{AD4B5804-D201-4FD7-9873-810CFD0ED39D}.Debug|x64.Build.0 = Debug|Any CPU
		{AD4B5804-D201-4FD7-9873-810CFD0ED39D}.Debug|x86.ActiveCfg = Debug|Any CPU
		{AD4B5804-D201-4FD7-9873-810CFD0ED39D}.Debug|x86.Build.0 = Debug|Any CPU
		{AD4B5804-D201-4FD7-9873-810CFD0ED39D}.Release|Any CPU.ActiveCfg = Release|Any CPU
		{AD4B5804-D201-4FD7-9873-810CFD0ED39D}.Release|Any CPU.Build.0 = Release|Any CPU
		{AD4B5804-D201-4FD7-9873-810CFD0ED39D}.Release|arm64.ActiveCfg = Release|Any CPU
		{AD4B5804-D201-4FD7-9873-810CFD0ED39D}.Release|arm64.Build.0 = Release|Any CPU
		{AD4B5804-D201-4FD7-9873-810CFD0ED39D}.Release|x64.ActiveCfg = Release|Any CPU
		{AD4B5804-D201-4FD7-9873-810CFD0ED39D}.Release|x64.Build.0 = Release|Any CPU
		{AD4B5804-D201-4FD7-9873-810CFD0ED39D}.Release|x86.ActiveCfg = Release|Any CPU
		{AD4B5804-D201-4FD7-9873-810CFD0ED39D}.Release|x86.Build.0 = Release|Any CPU
		{35D75E00-4C1A-4120-8596-FAB0DE52A75E}.Debug|Any CPU.ActiveCfg = Debug|Any CPU
		{35D75E00-4C1A-4120-8596-FAB0DE52A75E}.Debug|Any CPU.Build.0 = Debug|Any CPU
		{35D75E00-4C1A-4120-8596-FAB0DE52A75E}.Debug|arm64.ActiveCfg = Debug|Any CPU
		{35D75E00-4C1A-4120-8596-FAB0DE52A75E}.Debug|arm64.Build.0 = Debug|Any CPU
		{35D75E00-4C1A-4120-8596-FAB0DE52A75E}.Debug|x64.ActiveCfg = Debug|x64
		{35D75E00-4C1A-4120-8596-FAB0DE52A75E}.Debug|x64.Build.0 = Debug|x64
		{35D75E00-4C1A-4120-8596-FAB0DE52A75E}.Debug|x86.ActiveCfg = Debug|Any CPU
		{35D75E00-4C1A-4120-8596-FAB0DE52A75E}.Debug|x86.Build.0 = Debug|Any CPU
		{35D75E00-4C1A-4120-8596-FAB0DE52A75E}.Release|Any CPU.ActiveCfg = Release|Any CPU
		{35D75E00-4C1A-4120-8596-FAB0DE52A75E}.Release|Any CPU.Build.0 = Release|Any CPU
		{35D75E00-4C1A-4120-8596-FAB0DE52A75E}.Release|arm64.ActiveCfg = Release|Any CPU
		{35D75E00-4C1A-4120-8596-FAB0DE52A75E}.Release|arm64.Build.0 = Release|Any CPU
		{35D75E00-4C1A-4120-8596-FAB0DE52A75E}.Release|x64.ActiveCfg = Release|Any CPU
		{35D75E00-4C1A-4120-8596-FAB0DE52A75E}.Release|x64.Build.0 = Release|Any CPU
		{35D75E00-4C1A-4120-8596-FAB0DE52A75E}.Release|x86.ActiveCfg = Release|Any CPU
		{35D75E00-4C1A-4120-8596-FAB0DE52A75E}.Release|x86.Build.0 = Release|Any CPU
		{1490C221-E286-4740-B022-9CA75B695770}.Debug|Any CPU.ActiveCfg = Debug|x86
		{1490C221-E286-4740-B022-9CA75B695770}.Debug|arm64.ActiveCfg = Debug|arm64
		{1490C221-E286-4740-B022-9CA75B695770}.Debug|arm64.Build.0 = Debug|arm64
		{1490C221-E286-4740-B022-9CA75B695770}.Debug|arm64.Deploy.0 = Debug|arm64
		{1490C221-E286-4740-B022-9CA75B695770}.Debug|x64.ActiveCfg = Debug|x64
		{1490C221-E286-4740-B022-9CA75B695770}.Debug|x64.Build.0 = Debug|x64
		{1490C221-E286-4740-B022-9CA75B695770}.Debug|x64.Deploy.0 = Debug|x64
		{1490C221-E286-4740-B022-9CA75B695770}.Debug|x86.ActiveCfg = Debug|x86
		{1490C221-E286-4740-B022-9CA75B695770}.Debug|x86.Build.0 = Debug|x86
		{1490C221-E286-4740-B022-9CA75B695770}.Debug|x86.Deploy.0 = Debug|x86
		{1490C221-E286-4740-B022-9CA75B695770}.Release|Any CPU.ActiveCfg = Release|x86
		{1490C221-E286-4740-B022-9CA75B695770}.Release|arm64.ActiveCfg = Release|arm64
		{1490C221-E286-4740-B022-9CA75B695770}.Release|arm64.Build.0 = Release|arm64
		{1490C221-E286-4740-B022-9CA75B695770}.Release|arm64.Deploy.0 = Release|arm64
		{1490C221-E286-4740-B022-9CA75B695770}.Release|x64.ActiveCfg = Release|x64
		{1490C221-E286-4740-B022-9CA75B695770}.Release|x64.Build.0 = Release|x64
		{1490C221-E286-4740-B022-9CA75B695770}.Release|x64.Deploy.0 = Release|x64
		{1490C221-E286-4740-B022-9CA75B695770}.Release|x86.ActiveCfg = Release|x86
		{1490C221-E286-4740-B022-9CA75B695770}.Release|x86.Build.0 = Release|x86
		{1490C221-E286-4740-B022-9CA75B695770}.Release|x86.Deploy.0 = Release|x86
		{AD268985-2651-4B4A-8A7D-95B37C38CAF8}.Debug|Any CPU.ActiveCfg = Debug|x86
		{AD268985-2651-4B4A-8A7D-95B37C38CAF8}.Debug|arm64.ActiveCfg = Debug|arm64
		{AD268985-2651-4B4A-8A7D-95B37C38CAF8}.Debug|arm64.Build.0 = Debug|arm64
		{AD268985-2651-4B4A-8A7D-95B37C38CAF8}.Debug|x64.ActiveCfg = Debug|x64
		{AD268985-2651-4B4A-8A7D-95B37C38CAF8}.Debug|x64.Build.0 = Debug|x64
		{AD268985-2651-4B4A-8A7D-95B37C38CAF8}.Debug|x86.ActiveCfg = Debug|x86
		{AD268985-2651-4B4A-8A7D-95B37C38CAF8}.Debug|x86.Build.0 = Debug|x86
		{AD268985-2651-4B4A-8A7D-95B37C38CAF8}.Release|Any CPU.ActiveCfg = Release|x86
		{AD268985-2651-4B4A-8A7D-95B37C38CAF8}.Release|arm64.ActiveCfg = Release|arm64
		{AD268985-2651-4B4A-8A7D-95B37C38CAF8}.Release|arm64.Build.0 = Release|arm64
		{AD268985-2651-4B4A-8A7D-95B37C38CAF8}.Release|x64.ActiveCfg = Release|x64
		{AD268985-2651-4B4A-8A7D-95B37C38CAF8}.Release|x64.Build.0 = Release|x64
		{AD268985-2651-4B4A-8A7D-95B37C38CAF8}.Release|x86.ActiveCfg = Release|x86
		{AD268985-2651-4B4A-8A7D-95B37C38CAF8}.Release|x86.Build.0 = Release|x86
		{602961AA-892C-4630-B4E3-E2CC194D4368}.Debug|Any CPU.ActiveCfg = Debug|Any CPU
		{602961AA-892C-4630-B4E3-E2CC194D4368}.Debug|Any CPU.Build.0 = Debug|Any CPU
		{602961AA-892C-4630-B4E3-E2CC194D4368}.Debug|arm64.ActiveCfg = Debug|Any CPU
		{602961AA-892C-4630-B4E3-E2CC194D4368}.Debug|arm64.Build.0 = Debug|Any CPU
		{602961AA-892C-4630-B4E3-E2CC194D4368}.Debug|x64.ActiveCfg = Debug|x64
		{602961AA-892C-4630-B4E3-E2CC194D4368}.Debug|x64.Build.0 = Debug|x64
		{602961AA-892C-4630-B4E3-E2CC194D4368}.Debug|x86.ActiveCfg = Debug|Any CPU
		{602961AA-892C-4630-B4E3-E2CC194D4368}.Debug|x86.Build.0 = Debug|Any CPU
		{602961AA-892C-4630-B4E3-E2CC194D4368}.Release|Any CPU.ActiveCfg = Release|Any CPU
		{602961AA-892C-4630-B4E3-E2CC194D4368}.Release|Any CPU.Build.0 = Release|Any CPU
		{602961AA-892C-4630-B4E3-E2CC194D4368}.Release|arm64.ActiveCfg = Release|Any CPU
		{602961AA-892C-4630-B4E3-E2CC194D4368}.Release|arm64.Build.0 = Release|Any CPU
		{602961AA-892C-4630-B4E3-E2CC194D4368}.Release|x64.ActiveCfg = Release|x64
		{602961AA-892C-4630-B4E3-E2CC194D4368}.Release|x64.Build.0 = Release|x64
		{602961AA-892C-4630-B4E3-E2CC194D4368}.Release|x86.ActiveCfg = Release|Any CPU
		{602961AA-892C-4630-B4E3-E2CC194D4368}.Release|x86.Build.0 = Release|Any CPU
	EndGlobalSection
	GlobalSection(SolutionProperties) = preSolution
		HideSolutionNode = FALSE
	EndGlobalSection
	GlobalSection(NestedProjects) = preSolution
		{93BBC3A2-737F-4381-8DDE-EE029EF13E74} = {AB8F81AE-E2E6-4024-94C1-82C79F6A0A4A}
		{49FE823E-37BB-4543-AB29-734976C092B7} = {AB8F81AE-E2E6-4024-94C1-82C79F6A0A4A}
		{41BB0B78-3CEC-4C68-9D96-5E28BE25C533} = {AB8F81AE-E2E6-4024-94C1-82C79F6A0A4A}
		{9F2417D9-76FB-4717-8CE6-1FB73C97414E} = {AB8F81AE-E2E6-4024-94C1-82C79F6A0A4A}
		{8D8FEB72-0562-4FA6-A42B-2270F6DD620A} = {AB8F81AE-E2E6-4024-94C1-82C79F6A0A4A}
		{9FDC3502-FE79-4708-9C4D-96136899C309} = {AB8F81AE-E2E6-4024-94C1-82C79F6A0A4A}
		{35D75E00-4C1A-4120-8596-FAB0DE52A75E} = {2C6FC18E-7E5C-4C0B-90F0-26C68B5EB327}
		{1490C221-E286-4740-B022-9CA75B695770} = {2C6FC18E-7E5C-4C0B-90F0-26C68B5EB327}
		{AD268985-2651-4B4A-8A7D-95B37C38CAF8} = {2C6FC18E-7E5C-4C0B-90F0-26C68B5EB327}
		{602961AA-892C-4630-B4E3-E2CC194D4368} = {AB8F81AE-E2E6-4024-94C1-82C79F6A0A4A}
	EndGlobalSection
	GlobalSection(ExtensibilityGlobals) = postSolution
		SolutionGuid = {B4E54AEF-BAA9-426E-A344-B7DA88640E50}
	EndGlobalSection
EndGlobal
